
Microsoft Visual Studio Solution File, Format Version 12.00
# Visual Studio Version 16
VisualStudioVersion = 16.0.31019.35
MinimumVisualStudioVersion = 10.0.40219.1
Project("{9A19103F-16F7-4668-BE54-9A1E7A4F7556}") = "FlightoUs.Web", "FlightoUs.Web\FlightoUs.Web.csproj", "{2B72BA73-FBC1-4550-86B2-E3F56664C60D}"
EndProject
Project("{9A19103F-16F7-4668-BE54-9A1E7A4F7556}") = "FlightoUs.Model", "FlightoUs.Model\FlightoUs.Model.csproj", "{D3133258-0A38-4808-8CE2-E3DEC4AE62BA}"
EndProject
Project("{9A19103F-16F7-4668-BE54-9A1E7A4F7556}") = "FlightoUs.Dal", "FlightoUs.Dal\FlightoUs.Dal.csproj", "{CF738045-75C9-4454-AF0B-4C9834B01A79}"
EndProject
Project("{9A19103F-16F7-4668-BE54-9A1E7A4F7556}") = "FlightoUs.Bll", "FlightoUs.Bll\FlightoUs.Bll.csproj", "{4DF05F99-E717-4804-ABE0-A7BE987D87DB}"
EndProject
Project("{FAE04EC0-301F-11D3-BF4B-00C04F79EFBC}") = "FlightoUs.Crawlers", "FlightoUs.Crawlers\FlightoUs.Crawlers.csproj", "{9F55C4A0-093C-45CC-B0DA-B549DA64511B}"
EndProject
Global
	GlobalSection(SolutionConfigurationPlatforms) = preSolution
		Debug|Any CPU = Debug|Any CPU
		Release|Any CPU = Release|Any CPU
	EndGlobalSection
	GlobalSection(ProjectConfigurationPlatforms) = postSolution
		{2B72BA73-FBC1-4550-86B2-E3F56664C60D}.Debug|Any CPU.ActiveCfg = Debug|Any CPU
		{2B72BA73-FBC1-4550-86B2-E3F56664C60D}.Debug|Any CPU.Build.0 = Debug|Any CPU
		{2B72BA73-FBC1-4550-86B2-E3F56664C60D}.Release|Any CPU.ActiveCfg = Release|Any CPU
		{2B72BA73-FBC1-4550-86B2-E3F56664C60D}.Release|Any CPU.Build.0 = Release|Any CPU
		{D3133258-0A38-4808-8CE2-E3DEC4AE62BA}.Debug|Any CPU.ActiveCfg = Debug|Any CPU
		{D3133258-0A38-4808-8CE2-E3DEC4AE62BA}.Debug|Any CPU.Build.0 = Debug|Any CPU
		{D3133258-0A38-4808-8CE2-E3DEC4AE62BA}.Release|Any CPU.ActiveCfg = Release|Any CPU
		{D3133258-0A38-4808-8CE2-E3DEC4AE62BA}.Release|Any CPU.Build.0 = Release|Any CPU
		{CF738045-75C9-4454-AF0B-4C9834B01A79}.Debug|Any CPU.ActiveCfg = Debug|Any CPU
		{CF738045-75C9-4454-AF0B-4C9834B01A79}.Debug|Any CPU.Build.0 = Debug|Any CPU
		{CF738045-75C9-4454-AF0B-4C9834B01A79}.Release|Any CPU.ActiveCfg = Release|Any CPU
		{CF738045-75C9-4454-AF0B-4C9834B01A79}.Release|Any CPU.Build.0 = Release|Any CPU
		{4DF05F99-E717-4804-ABE0-A7BE987D87DB}.Debug|Any CPU.ActiveCfg = Debug|Any CPU
		{4DF05F99-E717-4804-ABE0-A7BE987D87DB}.Debug|Any CPU.Build.0 = Debug|Any CPU
		{4DF05F99-E717-4804-ABE0-A7BE987D87DB}.Release|Any CPU.ActiveCfg = Release|Any CPU
		{4DF05F99-E717-4804-ABE0-A7BE987D87DB}.Release|Any CPU.Build.0 = Release|Any CPU
		{9F55C4A0-093C-45CC-B0DA-B549DA64511B}.Debug|Any CPU.ActiveCfg = Debug|Any CPU
		{9F55C4A0-093C-45CC-B0DA-B549DA64511B}.Debug|Any CPU.Build.0 = Debug|Any CPU
		{9F55C4A0-093C-45CC-B0DA-B549DA64511B}.Release|Any CPU.ActiveCfg = Release|Any CPU
		{9F55C4A0-093C-45CC-B0DA-B549DA64511B}.Release|Any CPU.Build.0 = Release|Any CPU
	EndGlobalSection
	GlobalSection(SolutionProperties) = preSolution
		HideSolutionNode = FALSE
	EndGlobalSection
	GlobalSection(ExtensibilityGlobals) = postSolution
		SolutionGuid = {26477B00-1EAF-4F04-A509-4AB17CB89EDA}
	EndGlobalSection
EndGlobal
